
Microsoft Visual Studio Solution File, Format Version 11.00
# Visual Studio 2010
Project("{FAE04EC0-301F-11D3-BF4B-00C04F79EFBC}") = "UnityEngine.UI", "UnityEngine.UI.csproj", "{320F5533-F515-BF49-0E8C-44B01047FC5E}"
EndProject
Project("{FAE04EC0-301F-11D3-BF4B-00C04F79EFBC}") = "UnityEngine.TestRunner", "UnityEngine.TestRunner.csproj", "{BC871A8A-818F-8BA7-DF20-41E56BDA30EB}"
EndProject
Project("{FAE04EC0-301F-11D3-BF4B-00C04F79EFBC}") = "Assembly-CSharp", "Assembly-CSharp.csproj", "{DB976F18-E588-91E2-1584-91EC7815A890}"
EndProject
Project("{FAE04EC0-301F-11D3-BF4B-00C04F79EFBC}") = "Unity.InputSystem", "Unity.InputSystem.csproj", "{E8E7C6DA-95BC-0497-D365-D15B670EA106}"
EndProject
Project("{FAE04EC0-301F-11D3-BF4B-00C04F79EFBC}") = "SteamVR", "SteamVR.csproj", "{C49DBB7C-2311-B695-6224-3D8868324672}"
EndProject
Project("{FAE04EC0-301F-11D3-BF4B-00C04F79EFBC}") = "Unity.TextMeshPro", "Unity.TextMeshPro.csproj", "{B8C86E16-1D47-E687-39F7-304B509FAACE}"
EndProject
Project("{FAE04EC0-301F-11D3-BF4B-00C04F79EFBC}") = "Unity.Timeline", "Unity.Timeline.csproj", "{B277DA7D-4770-7001-B563-BB5A45FCCFBC}"
EndProject
Project("{FAE04EC0-301F-11D3-BF4B-00C04F79EFBC}") = "Assembly-CSharp-firstpass", "Assembly-CSharp-firstpass.csproj", "{6D87AB3D-A71F-B5E6-9A2B-BC5ECC915203}"
EndProject
Project("{FAE04EC0-301F-11D3-BF4B-00C04F79EFBC}") = "UnityEngine.XR.LegacyInputHelpers", "UnityEngine.XR.LegacyInputHelpers.csproj", "{B12A9AA4-8665-1110-C9CB-0581EA50BC4A}"
EndProject
Project("{FAE04EC0-301F-11D3-BF4B-00C04F79EFBC}") = "Unity.XR.Management", "Unity.XR.Management.csproj", "{69B3B619-A4AC-66A5-E867-75A431500619}"
EndProject
Project("{FAE04EC0-301F-11D3-BF4B-00C04F79EFBC}") = "Unity.Subsystem.Registration", "Unity.Subsystem.Registration.csproj", "{B1859FA8-333A-1EDE-D8C8-6F8799731506}"
EndProject
Project("{FAE04EC0-301F-11D3-BF4B-00C04F79EFBC}") = "UnityEngine.SpatialTracking", "UnityEngine.SpatialTracking.csproj", "{9BFD6E52-1922-7F2B-CCE4-E2DE376467CB}"
EndProject
Project("{FAE04EC0-301F-11D3-BF4B-00C04F79EFBC}") = "InputSystem.Samples.Visualizers", "InputSystem.Samples.Visualizers.csproj", "{131890FD-F595-FE7C-B155-29AC5C79CDFF}"
EndProject
Project("{FAE04EC0-301F-11D3-BF4B-00C04F79EFBC}") = "Unity.XR.MockHMD", "Unity.XR.MockHMD.csproj", "{E1079705-81C3-ECAF-2143-16AFF393CD4C}"
EndProject
Project("{FAE04EC0-301F-11D3-BF4B-00C04F79EFBC}") = "Unity.InputSystem.RebindingUI", "Unity.InputSystem.RebindingUI.csproj", "{16855496-DC84-B613-F0D6-60D6728709C0}"
EndProject
Project("{FAE04EC0-301F-11D3-BF4B-00C04F79EFBC}") = "Unity.PlayerPrefsEditor.Samples.SampleScene", "Unity.PlayerPrefsEditor.Samples.SampleScene.csproj", "{1F89AA13-882B-09EA-7768-AD728081D160}"
EndProject
Project("{FAE04EC0-301F-11D3-BF4B-00C04F79EFBC}") = "UnityEditor.TestRunner", "UnityEditor.TestRunner.csproj", "{E5383A1C-1CC3-2F63-D71F-F616024AC37A}"
EndProject
Project("{FAE04EC0-301F-11D3-BF4B-00C04F79EFBC}") = "Unity.TextMeshPro.Editor", "Unity.TextMeshPro.Editor.csproj", "{E5D6EF03-6A55-D3DF-5566-0C017861FD39}"
EndProject
Project("{FAE04EC0-301F-11D3-BF4B-00C04F79EFBC}") = "Unity.Timeline.Editor", "Unity.Timeline.Editor.csproj", "{281B7632-1739-A8F6-36B2-CE15BC12EBE2}"
EndProject
Project("{FAE04EC0-301F-11D3-BF4B-00C04F79EFBC}") = "Unity.PlasticSCM.Editor", "Unity.PlasticSCM.Editor.csproj", "{E6648C62-9F38-6870-E2C2-A969FF282D40}"
EndProject
Project("{FAE04EC0-301F-11D3-BF4B-00C04F79EFBC}") = "Assembly-CSharp-Editor-firstpass", "Assembly-CSharp-Editor-firstpass.csproj", "{8C1E95D6-9FC1-3496-973C-F3872745B66F}"
EndProject
Project("{FAE04EC0-301F-11D3-BF4B-00C04F79EFBC}") = "Unity.2D.Sprite.Editor", "Unity.2D.Sprite.Editor.csproj", "{84E91C81-BAF4-E2FD-A316-3D99C7D50F53}"
EndProject
Project("{FAE04EC0-301F-11D3-BF4B-00C04F79EFBC}") = "SteamVR_Editor", "SteamVR_Editor.csproj", "{3E73A5A1-6BC2-2FFB-1963-C4B919778700}"
EndProject
Project("{FAE04EC0-301F-11D3-BF4B-00C04F79EFBC}") = "Unity.Rider.Editor", "Unity.Rider.Editor.csproj", "{5D5CAE00-3089-FAD0-3960-486591E6618D}"
EndProject
Project("{FAE04EC0-301F-11D3-BF4B-00C04F79EFBC}") = "UnityEditor.UI", "UnityEditor.UI.csproj", "{2087A52E-C6AC-B8D9-76DE-C999830162CB}"
EndProject
Project("{FAE04EC0-301F-11D3-BF4B-00C04F79EFBC}") = "Unity.VisualStudio.Editor", "Unity.VisualStudio.Editor.csproj", "{1640CE6A-53EE-7B6C-8317-5FDB867D23DB}"
EndProject
Project("{FAE04EC0-301F-11D3-BF4B-00C04F79EFBC}") = "SteamVR_Input_Editor", "SteamVR_Input_Editor.csproj", "{5B3C512A-6911-FEB2-2822-CF82403ABC79}"
EndProject
Project("{FAE04EC0-301F-11D3-BF4B-00C04F79EFBC}") = "UnityEditor.XR.LegacyInputHelpers", "UnityEditor.XR.LegacyInputHelpers.csproj", "{B598AE36-4AD5-618E-07DB-39B5C5E5C77A}"
EndProject
Project("{FAE04EC0-301F-11D3-BF4B-00C04F79EFBC}") = "Unity.XR.Management.Editor", "Unity.XR.Management.Editor.csproj", "{7C8166B3-8653-DD92-74DD-864E8C9C8DDA}"
EndProject
Project("{FAE04EC0-301F-11D3-BF4B-00C04F79EFBC}") = "Unity.PlayerPrefsEditor.Editor", "Unity.PlayerPrefsEditor.Editor.csproj", "{4DA5BB88-AC6C-85BE-06E9-F47326351465}"
EndProject
Project("{FAE04EC0-301F-11D3-BF4B-00C04F79EFBC}") = "Unity.XR.MockHMD.Editor", "Unity.XR.MockHMD.Editor.csproj", "{D26FB7F0-5AD8-9BAA-6C35-DEF70B8C3642}"
EndProject
Project("{FAE04EC0-301F-11D3-BF4B-00C04F79EFBC}") = "Unity.VSCode.Editor", "Unity.VSCode.Editor.csproj", "{B4313BB1-FD85-D494-EFEF-479B66F1290A}"
EndProject
Project("{FAE04EC0-301F-11D3-BF4B-00C04F79EFBC}") = "Assembly-CSharp-Editor", "Assembly-CSharp-Editor.csproj", "{AC1E5AED-B9AD-9FC7-AEF3-441524E3A9B4}"
EndProject
Project("{FAE04EC0-301F-11D3-BF4B-00C04F79EFBC}") = "Unity.PlayerPrefsEditor.EditorResources", "Unity.PlayerPrefsEditor.EditorResources.csproj", "{0C619882-1D18-36CD-2EFB-C4CA993BE793}"
EndProject
Project("{FAE04EC0-301F-11D3-BF4B-00C04F79EFBC}") = "UnityEditor.SpatialTracking", "UnityEditor.SpatialTracking.csproj", "{230DA9EA-9D50-E562-EE29-F575AC7D0B8F}"
EndProject
Project("{FAE04EC0-301F-11D3-BF4B-00C04F79EFBC}") = "SteamVR_Windows_EditorHelper", "SteamVR_Windows_EditorHelper.csproj", "{0DBB0126-7CB6-4541-05FC-D6036840325C}"
EndProject
Global
	GlobalSection(SolutionConfigurationPlatforms) = preSolution
		Debug|Any CPU = Debug|Any CPU
		Release|Any CPU = Release|Any CPU
	EndGlobalSection
	GlobalSection(ProjectConfigurationPlatforms) = postSolution
		{320F5533-F515-BF49-0E8C-44B01047FC5E}.Debug|Any CPU.ActiveCfg = Debug|Any CPU
		{320F5533-F515-BF49-0E8C-44B01047FC5E}.Debug|Any CPU.Build.0 = Debug|Any CPU
		{320F5533-F515-BF49-0E8C-44B01047FC5E}.Release|Any CPU.ActiveCfg = Release|Any CPU
		{320F5533-F515-BF49-0E8C-44B01047FC5E}.Release|Any CPU.Build.0 = Release|Any CPU
		{BC871A8A-818F-8BA7-DF20-41E56BDA30EB}.Debug|Any CPU.ActiveCfg = Debug|Any CPU
		{BC871A8A-818F-8BA7-DF20-41E56BDA30EB}.Debug|Any CPU.Build.0 = Debug|Any CPU
		{BC871A8A-818F-8BA7-DF20-41E56BDA30EB}.Release|Any CPU.ActiveCfg = Release|Any CPU
		{BC871A8A-818F-8BA7-DF20-41E56BDA30EB}.Release|Any CPU.Build.0 = Release|Any CPU
		{DB976F18-E588-91E2-1584-91EC7815A890}.Debug|Any CPU.ActiveCfg = Debug|Any CPU
		{DB976F18-E588-91E2-1584-91EC7815A890}.Debug|Any CPU.Build.0 = Debug|Any CPU
		{DB976F18-E588-91E2-1584-91EC7815A890}.Release|Any CPU.ActiveCfg = Release|Any CPU
		{DB976F18-E588-91E2-1584-91EC7815A890}.Release|Any CPU.Build.0 = Release|Any CPU
		{E8E7C6DA-95BC-0497-D365-D15B670EA106}.Debug|Any CPU.ActiveCfg = Debug|Any CPU
		{E8E7C6DA-95BC-0497-D365-D15B670EA106}.Debug|Any CPU.Build.0 = Debug|Any CPU
		{E8E7C6DA-95BC-0497-D365-D15B670EA106}.Release|Any CPU.ActiveCfg = Release|Any CPU
		{E8E7C6DA-95BC-0497-D365-D15B670EA106}.Release|Any CPU.Build.0 = Release|Any CPU
		{C49DBB7C-2311-B695-6224-3D8868324672}.Debug|Any CPU.ActiveCfg = Debug|Any CPU
		{C49DBB7C-2311-B695-6224-3D8868324672}.Debug|Any CPU.Build.0 = Debug|Any CPU
		{C49DBB7C-2311-B695-6224-3D8868324672}.Release|Any CPU.ActiveCfg = Release|Any CPU
		{C49DBB7C-2311-B695-6224-3D8868324672}.Release|Any CPU.Build.0 = Release|Any CPU
		{B8C86E16-1D47-E687-39F7-304B509FAACE}.Debug|Any CPU.ActiveCfg = Debug|Any CPU
		{B8C86E16-1D47-E687-39F7-304B509FAACE}.Debug|Any CPU.Build.0 = Debug|Any CPU
		{B8C86E16-1D47-E687-39F7-304B509FAACE}.Release|Any CPU.ActiveCfg = Release|Any CPU
		{B8C86E16-1D47-E687-39F7-304B509FAACE}.Release|Any CPU.Build.0 = Release|Any CPU
		{B277DA7D-4770-7001-B563-BB5A45FCCFBC}.Debug|Any CPU.ActiveCfg = Debug|Any CPU
		{B277DA7D-4770-7001-B563-BB5A45FCCFBC}.Debug|Any CPU.Build.0 = Debug|Any CPU
		{B277DA7D-4770-7001-B563-BB5A45FCCFBC}.Release|Any CPU.ActiveCfg = Release|Any CPU
		{B277DA7D-4770-7001-B563-BB5A45FCCFBC}.Release|Any CPU.Build.0 = Release|Any CPU
		{6D87AB3D-A71F-B5E6-9A2B-BC5ECC915203}.Debug|Any CPU.ActiveCfg = Debug|Any CPU
		{6D87AB3D-A71F-B5E6-9A2B-BC5ECC915203}.Debug|Any CPU.Build.0 = Debug|Any CPU
		{6D87AB3D-A71F-B5E6-9A2B-BC5ECC915203}.Release|Any CPU.ActiveCfg = Release|Any CPU
		{6D87AB3D-A71F-B5E6-9A2B-BC5ECC915203}.Release|Any CPU.Build.0 = Release|Any CPU
		{B12A9AA4-8665-1110-C9CB-0581EA50BC4A}.Debug|Any CPU.ActiveCfg = Debug|Any CPU
		{B12A9AA4-8665-1110-C9CB-0581EA50BC4A}.Debug|Any CPU.Build.0 = Debug|Any CPU
		{B12A9AA4-8665-1110-C9CB-0581EA50BC4A}.Release|Any CPU.ActiveCfg = Release|Any CPU
		{B12A9AA4-8665-1110-C9CB-0581EA50BC4A}.Release|Any CPU.Build.0 = Release|Any CPU
		{69B3B619-A4AC-66A5-E867-75A431500619}.Debug|Any CPU.ActiveCfg = Debug|Any CPU
		{69B3B619-A4AC-66A5-E867-75A431500619}.Debug|Any CPU.Build.0 = Debug|Any CPU
		{69B3B619-A4AC-66A5-E867-75A431500619}.Release|Any CPU.ActiveCfg = Release|Any CPU
		{69B3B619-A4AC-66A5-E867-75A431500619}.Release|Any CPU.Build.0 = Release|Any CPU
		{B1859FA8-333A-1EDE-D8C8-6F8799731506}.Debug|Any CPU.ActiveCfg = Debug|Any CPU
		{B1859FA8-333A-1EDE-D8C8-6F8799731506}.Debug|Any CPU.Build.0 = Debug|Any CPU
		{B1859FA8-333A-1EDE-D8C8-6F8799731506}.Release|Any CPU.ActiveCfg = Release|Any CPU
		{B1859FA8-333A-1EDE-D8C8-6F8799731506}.Release|Any CPU.Build.0 = Release|Any CPU
		{9BFD6E52-1922-7F2B-CCE4-E2DE376467CB}.Debug|Any CPU.ActiveCfg = Debug|Any CPU
		{9BFD6E52-1922-7F2B-CCE4-E2DE376467CB}.Debug|Any CPU.Build.0 = Debug|Any CPU
		{9BFD6E52-1922-7F2B-CCE4-E2DE376467CB}.Release|Any CPU.ActiveCfg = Release|Any CPU
		{9BFD6E52-1922-7F2B-CCE4-E2DE376467CB}.Release|Any CPU.Build.0 = Release|Any CPU
		{131890FD-F595-FE7C-B155-29AC5C79CDFF}.Debug|Any CPU.ActiveCfg = Debug|Any CPU
		{131890FD-F595-FE7C-B155-29AC5C79CDFF}.Debug|Any CPU.Build.0 = Debug|Any CPU
		{131890FD-F595-FE7C-B155-29AC5C79CDFF}.Release|Any CPU.ActiveCfg = Release|Any CPU
		{131890FD-F595-FE7C-B155-29AC5C79CDFF}.Release|Any CPU.Build.0 = Release|Any CPU
		{E1079705-81C3-ECAF-2143-16AFF393CD4C}.Debug|Any CPU.ActiveCfg = Debug|Any CPU
		{E1079705-81C3-ECAF-2143-16AFF393CD4C}.Debug|Any CPU.Build.0 = Debug|Any CPU
		{E1079705-81C3-ECAF-2143-16AFF393CD4C}.Release|Any CPU.ActiveCfg = Release|Any CPU
		{E1079705-81C3-ECAF-2143-16AFF393CD4C}.Release|Any CPU.Build.0 = Release|Any CPU
		{16855496-DC84-B613-F0D6-60D6728709C0}.Debug|Any CPU.ActiveCfg = Debug|Any CPU
		{16855496-DC84-B613-F0D6-60D6728709C0}.Debug|Any CPU.Build.0 = Debug|Any CPU
		{16855496-DC84-B613-F0D6-60D6728709C0}.Release|Any CPU.ActiveCfg = Release|Any CPU
		{16855496-DC84-B613-F0D6-60D6728709C0}.Release|Any CPU.Build.0 = Release|Any CPU
		{1F89AA13-882B-09EA-7768-AD728081D160}.Debug|Any CPU.ActiveCfg = Debug|Any CPU
		{1F89AA13-882B-09EA-7768-AD728081D160}.Debug|Any CPU.Build.0 = Debug|Any CPU
		{1F89AA13-882B-09EA-7768-AD728081D160}.Release|Any CPU.ActiveCfg = Release|Any CPU
		{1F89AA13-882B-09EA-7768-AD728081D160}.Release|Any CPU.Build.0 = Release|Any CPU
		{E5383A1C-1CC3-2F63-D71F-F616024AC37A}.Debug|Any CPU.ActiveCfg = Debug|Any CPU
		{E5383A1C-1CC3-2F63-D71F-F616024AC37A}.Debug|Any CPU.Build.0 = Debug|Any CPU
		{E5383A1C-1CC3-2F63-D71F-F616024AC37A}.Release|Any CPU.ActiveCfg = Release|Any CPU
		{E5383A1C-1CC3-2F63-D71F-F616024AC37A}.Release|Any CPU.Build.0 = Release|Any CPU
		{E5D6EF03-6A55-D3DF-5566-0C017861FD39}.Debug|Any CPU.ActiveCfg = Debug|Any CPU
		{E5D6EF03-6A55-D3DF-5566-0C017861FD39}.Debug|Any CPU.Build.0 = Debug|Any CPU
		{E5D6EF03-6A55-D3DF-5566-0C017861FD39}.Release|Any CPU.ActiveCfg = Release|Any CPU
		{E5D6EF03-6A55-D3DF-5566-0C017861FD39}.Release|Any CPU.Build.0 = Release|Any CPU
		{281B7632-1739-A8F6-36B2-CE15BC12EBE2}.Debug|Any CPU.ActiveCfg = Debug|Any CPU
		{281B7632-1739-A8F6-36B2-CE15BC12EBE2}.Debug|Any CPU.Build.0 = Debug|Any CPU
		{281B7632-1739-A8F6-36B2-CE15BC12EBE2}.Release|Any CPU.ActiveCfg = Release|Any CPU
		{281B7632-1739-A8F6-36B2-CE15BC12EBE2}.Release|Any CPU.Build.0 = Release|Any CPU
		{E6648C62-9F38-6870-E2C2-A969FF282D40}.Debug|Any CPU.ActiveCfg = Debug|Any CPU
		{E6648C62-9F38-6870-E2C2-A969FF282D40}.Debug|Any CPU.Build.0 = Debug|Any CPU
		{E6648C62-9F38-6870-E2C2-A969FF282D40}.Release|Any CPU.ActiveCfg = Release|Any CPU
		{E6648C62-9F38-6870-E2C2-A969FF282D40}.Release|Any CPU.Build.0 = Release|Any CPU
		{8C1E95D6-9FC1-3496-973C-F3872745B66F}.Debug|Any CPU.ActiveCfg = Debug|Any CPU
		{8C1E95D6-9FC1-3496-973C-F3872745B66F}.Debug|Any CPU.Build.0 = Debug|Any CPU
		{8C1E95D6-9FC1-3496-973C-F3872745B66F}.Release|Any CPU.ActiveCfg = Release|Any CPU
		{8C1E95D6-9FC1-3496-973C-F3872745B66F}.Release|Any CPU.Build.0 = Release|Any CPU
		{84E91C81-BAF4-E2FD-A316-3D99C7D50F53}.Debug|Any CPU.ActiveCfg = Debug|Any CPU
		{84E91C81-BAF4-E2FD-A316-3D99C7D50F53}.Debug|Any CPU.Build.0 = Debug|Any CPU
		{84E91C81-BAF4-E2FD-A316-3D99C7D50F53}.Release|Any CPU.ActiveCfg = Release|Any CPU
		{84E91C81-BAF4-E2FD-A316-3D99C7D50F53}.Release|Any CPU.Build.0 = Release|Any CPU
		{3E73A5A1-6BC2-2FFB-1963-C4B919778700}.Debug|Any CPU.ActiveCfg = Debug|Any CPU
		{3E73A5A1-6BC2-2FFB-1963-C4B919778700}.Debug|Any CPU.Build.0 = Debug|Any CPU
		{3E73A5A1-6BC2-2FFB-1963-C4B919778700}.Release|Any CPU.ActiveCfg = Release|Any CPU
		{3E73A5A1-6BC2-2FFB-1963-C4B919778700}.Release|Any CPU.Build.0 = Release|Any CPU
		{5D5CAE00-3089-FAD0-3960-486591E6618D}.Debug|Any CPU.ActiveCfg = Debug|Any CPU
		{5D5CAE00-3089-FAD0-3960-486591E6618D}.Debug|Any CPU.Build.0 = Debug|Any CPU
		{5D5CAE00-3089-FAD0-3960-486591E6618D}.Release|Any CPU.ActiveCfg = Release|Any CPU
		{5D5CAE00-3089-FAD0-3960-486591E6618D}.Release|Any CPU.Build.0 = Release|Any CPU
		{2087A52E-C6AC-B8D9-76DE-C999830162CB}.Debug|Any CPU.ActiveCfg = Debug|Any CPU
		{2087A52E-C6AC-B8D9-76DE-C999830162CB}.Debug|Any CPU.Build.0 = Debug|Any CPU
		{2087A52E-C6AC-B8D9-76DE-C999830162CB}.Release|Any CPU.ActiveCfg = Release|Any CPU
		{2087A52E-C6AC-B8D9-76DE-C999830162CB}.Release|Any CPU.Build.0 = Release|Any CPU
		{1640CE6A-53EE-7B6C-8317-5FDB867D23DB}.Debug|Any CPU.ActiveCfg = Debug|Any CPU
		{1640CE6A-53EE-7B6C-8317-5FDB867D23DB}.Debug|Any CPU.Build.0 = Debug|Any CPU
		{1640CE6A-53EE-7B6C-8317-5FDB867D23DB}.Release|Any CPU.ActiveCfg = Release|Any CPU
		{1640CE6A-53EE-7B6C-8317-5FDB867D23DB}.Release|Any CPU.Build.0 = Release|Any CPU
		{5B3C512A-6911-FEB2-2822-CF82403ABC79}.Debug|Any CPU.ActiveCfg = Debug|Any CPU
		{5B3C512A-6911-FEB2-2822-CF82403ABC79}.Debug|Any CPU.Build.0 = Debug|Any CPU
		{5B3C512A-6911-FEB2-2822-CF82403ABC79}.Release|Any CPU.ActiveCfg = Release|Any CPU
		{5B3C512A-6911-FEB2-2822-CF82403ABC79}.Release|Any CPU.Build.0 = Release|Any CPU
		{B598AE36-4AD5-618E-07DB-39B5C5E5C77A}.Debug|Any CPU.ActiveCfg = Debug|Any CPU
		{B598AE36-4AD5-618E-07DB-39B5C5E5C77A}.Debug|Any CPU.Build.0 = Debug|Any CPU
		{B598AE36-4AD5-618E-07DB-39B5C5E5C77A}.Release|Any CPU.ActiveCfg = Release|Any CPU
		{B598AE36-4AD5-618E-07DB-39B5C5E5C77A}.Release|Any CPU.Build.0 = Release|Any CPU
		{7C8166B3-8653-DD92-74DD-864E8C9C8DDA}.Debug|Any CPU.ActiveCfg = Debug|Any CPU
		{7C8166B3-8653-DD92-74DD-864E8C9C8DDA}.Debug|Any CPU.Build.0 = Debug|Any CPU
		{7C8166B3-8653-DD92-74DD-864E8C9C8DDA}.Release|Any CPU.ActiveCfg = Release|Any CPU
		{7C8166B3-8653-DD92-74DD-864E8C9C8DDA}.Release|Any CPU.Build.0 = Release|Any CPU
		{4DA5BB88-AC6C-85BE-06E9-F47326351465}.Debug|Any CPU.ActiveCfg = Debug|Any CPU
		{4DA5BB88-AC6C-85BE-06E9-F47326351465}.Debug|Any CPU.Build.0 = Debug|Any CPU
		{4DA5BB88-AC6C-85BE-06E9-F47326351465}.Release|Any CPU.ActiveCfg = Release|Any CPU
		{4DA5BB88-AC6C-85BE-06E9-F47326351465}.Release|Any CPU.Build.0 = Release|Any CPU
		{D26FB7F0-5AD8-9BAA-6C35-DEF70B8C3642}.Debug|Any CPU.ActiveCfg = Debug|Any CPU
		{D26FB7F0-5AD8-9BAA-6C35-DEF70B8C3642}.Debug|Any CPU.Build.0 = Debug|Any CPU
		{D26FB7F0-5AD8-9BAA-6C35-DEF70B8C3642}.Release|Any CPU.ActiveCfg = Release|Any CPU
		{D26FB7F0-5AD8-9BAA-6C35-DEF70B8C3642}.Release|Any CPU.Build.0 = Release|Any CPU
		{B4313BB1-FD85-D494-EFEF-479B66F1290A}.Debug|Any CPU.ActiveCfg = Debug|Any CPU
		{B4313BB1-FD85-D494-EFEF-479B66F1290A}.Debug|Any CPU.Build.0 = Debug|Any CPU
		{B4313BB1-FD85-D494-EFEF-479B66F1290A}.Release|Any CPU.ActiveCfg = Release|Any CPU
		{B4313BB1-FD85-D494-EFEF-479B66F1290A}.Release|Any CPU.Build.0 = Release|Any CPU
		{AC1E5AED-B9AD-9FC7-AEF3-441524E3A9B4}.Debug|Any CPU.ActiveCfg = Debug|Any CPU
		{AC1E5AED-B9AD-9FC7-AEF3-441524E3A9B4}.Debug|Any CPU.Build.0 = Debug|Any CPU
		{AC1E5AED-B9AD-9FC7-AEF3-441524E3A9B4}.Release|Any CPU.ActiveCfg = Release|Any CPU
		{AC1E5AED-B9AD-9FC7-AEF3-441524E3A9B4}.Release|Any CPU.Build.0 = Release|Any CPU
		{0C619882-1D18-36CD-2EFB-C4CA993BE793}.Debug|Any CPU.ActiveCfg = Debug|Any CPU
		{0C619882-1D18-36CD-2EFB-C4CA993BE793}.Debug|Any CPU.Build.0 = Debug|Any CPU
		{0C619882-1D18-36CD-2EFB-C4CA993BE793}.Release|Any CPU.ActiveCfg = Release|Any CPU
		{0C619882-1D18-36CD-2EFB-C4CA993BE793}.Release|Any CPU.Build.0 = Release|Any CPU
		{230DA9EA-9D50-E562-EE29-F575AC7D0B8F}.Debug|Any CPU.ActiveCfg = Debug|Any CPU
		{230DA9EA-9D50-E562-EE29-F575AC7D0B8F}.Debug|Any CPU.Build.0 = Debug|Any CPU
		{230DA9EA-9D50-E562-EE29-F575AC7D0B8F}.Release|Any CPU.ActiveCfg = Release|Any CPU
		{230DA9EA-9D50-E562-EE29-F575AC7D0B8F}.Release|Any CPU.Build.0 = Release|Any CPU
		{0DBB0126-7CB6-4541-05FC-D6036840325C}.Debug|Any CPU.ActiveCfg = Debug|Any CPU
		{0DBB0126-7CB6-4541-05FC-D6036840325C}.Debug|Any CPU.Build.0 = Debug|Any CPU
		{0DBB0126-7CB6-4541-05FC-D6036840325C}.Release|Any CPU.ActiveCfg = Release|Any CPU
		{0DBB0126-7CB6-4541-05FC-D6036840325C}.Release|Any CPU.Build.0 = Release|Any CPU
	EndGlobalSection
	GlobalSection(SolutionProperties) = preSolution
		HideSolutionNode = FALSE
	EndGlobalSection
EndGlobal
